
Microsoft Visual Studio Solution File, Format Version 12.00
# Visual Studio Version 16
VisualStudioVersion = 16.0.32002.261
MinimumVisualStudioVersion = 10.0.40219.1
Project("{FAE04EC0-301F-11D3-BF4B-00C04F79EFBC}") = "PatikaÖdevMetotCSharp", "PatikaÖdevMetotCSharp\PatikaÖdevMetotCSharp.csproj", "{30D616EE-091F-4B0D-A078-FCD58EA5B858}"
EndProject
Global
	GlobalSection(SolutionConfigurationPlatforms) = preSolution
		Debug|Any CPU = Debug|Any CPU
		Release|Any CPU = Release|Any CPU
	EndGlobalSection
	GlobalSection(ProjectConfigurationPlatforms) = postSolution
		{30D616EE-091F-4B0D-A078-FCD58EA5B858}.Debug|Any CPU.ActiveCfg = Debug|Any CPU
		{30D616EE-091F-4B0D-A078-FCD58EA5B858}.Debug|Any CPU.Build.0 = Debug|Any CPU
		{30D616EE-091F-4B0D-A078-FCD58EA5B858}.Release|Any CPU.ActiveCfg = Release|Any CPU
		{30D616EE-091F-4B0D-A078-FCD58EA5B858}.Release|Any CPU.Build.0 = Release|Any CPU
	EndGlobalSection
	GlobalSection(SolutionProperties) = preSolution
		HideSolutionNode = FALSE
	EndGlobalSection
	GlobalSection(ExtensibilityGlobals) = postSolution
		SolutionGuid = {3A52A9F6-7150-4561-8389-1A3ECCCC4DFD}
	EndGlobalSection
EndGlobal
