
Microsoft Visual Studio Solution File, Format Version 12.00
# Visual Studio Version 16
VisualStudioVersion = 16.0.32002.261
MinimumVisualStudioVersion = 10.0.40219.1
Project("{FAE04EC0-301F-11D3-BF4B-00C04F79EFBC}") = "Static Sınıf ve Üyeler", "Static Sınıf ve Üyeler\Static Sınıf ve Üyeler.csproj", "{2D92D156-F9B9-45D4-AE11-D1FCADF587EF}"
EndProject
Global
	GlobalSection(SolutionConfigurationPlatforms) = preSolution
		Debug|Any CPU = Debug|Any CPU
		Release|Any CPU = Release|Any CPU
	EndGlobalSection
	GlobalSection(ProjectConfigurationPlatforms) = postSolution
		{2D92D156-F9B9-45D4-AE11-D1FCADF587EF}.Debug|Any CPU.ActiveCfg = Debug|Any CPU
		{2D92D156-F9B9-45D4-AE11-D1FCADF587EF}.Debug|Any CPU.Build.0 = Debug|Any CPU
		{2D92D156-F9B9-45D4-AE11-D1FCADF587EF}.Release|Any CPU.ActiveCfg = Release|Any CPU
		{2D92D156-F9B9-45D4-AE11-D1FCADF587EF}.Release|Any CPU.Build.0 = Release|Any CPU
	EndGlobalSection
	GlobalSection(SolutionProperties) = preSolution
		HideSolutionNode = FALSE
	EndGlobalSection
	GlobalSection(ExtensibilityGlobals) = postSolution
		SolutionGuid = {CF0F6B3A-07AD-4167-9AE4-B6B4C2B6628D}
	EndGlobalSection
EndGlobal
